
Microsoft Visual Studio Solution File, Format Version 12.00
# Visual Studio Version 16
VisualStudioVersion = 16.0.30320.27
MinimumVisualStudioVersion = 10.0.40219.1
Project("{9A19103F-16F7-4668-BE54-9A1E7A4F7556}") = "SelectSort", "SelectSort.csproj", "{DBC18871-7F8E-4DAF-931A-AB1DA89DB5A9}"
EndProject
Project("{9A19103F-16F7-4668-BE54-9A1E7A4F7556}") = "BubbleSort", "..\..\bubbleSort\BubbleSort\BubbleSort.csproj", "{19244EEC-760F-48C0-A6BE-56BBA632C8B2}"
EndProject
Project("{9A19103F-16F7-4668-BE54-9A1E7A4F7556}") = "CocktailSort", "..\..\cocktailSort\CocktailSort\CocktailSort.csproj", "{649BF5D8-EA3C-47CE-BD3F-D85EAC0111B1}"
EndProject
Project("{9A19103F-16F7-4668-BE54-9A1E7A4F7556}") = "GnomeSort", "..\..\gnomeSort\GnomeSort\GnomeSort.csproj", "{61D94133-1DAC-48B9-84ED-39D29580FE91}"
EndProject
Project("{9A19103F-16F7-4668-BE54-9A1E7A4F7556}") = "InsertionSort", "..\..\InsertionSort\InsertionSort\InsertionSort.csproj", "{CC2B373E-89F2-4CD7-B165-66484FD2EA98}"
EndProject
Project("{9A19103F-16F7-4668-BE54-9A1E7A4F7556}") = "Tuples", "..\..\Tuples\Tuples\Tuples.csproj", "{B48E2D2A-FC70-409A-A2A3-CDFEAA620867}"
EndProject
Project("{9A19103F-16F7-4668-BE54-9A1E7A4F7556}") = "FirstClass", "..\..\Classes\FirstClass\FirstClass\FirstClass.csproj", "{D7C63EE7-0CDC-4BE2-B6CB-3224F51153BA}"
EndProject
Project("{9A19103F-16F7-4668-BE54-9A1E7A4F7556}") = "TaskApp", "..\..\TPL\TaskApp\TaskApp.csproj", "{699A5856-AABA-4A38-A04E-B5E0661E4D97}"
EndProject
Project("{9A19103F-16F7-4668-BE54-9A1E7A4F7556}") = "ParallelExample", "..\..\Parallel\ParallelExample\ParallelExample.csproj", "{F77043BF-3124-494A-8502-B01AE4DE19CC}"
EndProject
Project("{9A19103F-16F7-4668-BE54-9A1E7A4F7556}") = "ExcelApp", "..\..\Excel\First\ExcelApp\ExcelApp.csproj", "{3953D4E9-2027-4093-BB46-4AC739404040}"
EndProject
Project("{9A19103F-16F7-4668-BE54-9A1E7A4F7556}") = "ExcelApp_2", "..\..\Excel\WriteText\ExcelApp_2\ExcelApp_2.csproj", "{2CF3B0ED-6BAD-45DD-B42C-12064A26364D}"
EndProject
Project("{9A19103F-16F7-4668-BE54-9A1E7A4F7556}") = "StopwatchExample", "..\..\Stopwatch\StopwatchExample\StopwatchExample.csproj", "{78BA5E00-D8C3-4FF2-8767-7101ABF292EB}"
EndProject
Project("{9A19103F-16F7-4668-BE54-9A1E7A4F7556}") = "Sequences", "..\..\Sequences\Sequences.csproj", "{E46670A0-92EB-445B-AF36-772871C332DE}"
EndProject
Global
	GlobalSection(SolutionConfigurationPlatforms) = preSolution
		Debug|Any CPU = Debug|Any CPU
		Release|Any CPU = Release|Any CPU
	EndGlobalSection
	GlobalSection(ProjectConfigurationPlatforms) = postSolution
		{DBC18871-7F8E-4DAF-931A-AB1DA89DB5A9}.Debug|Any CPU.ActiveCfg = Debug|Any CPU
		{DBC18871-7F8E-4DAF-931A-AB1DA89DB5A9}.Debug|Any CPU.Build.0 = Debug|Any CPU
		{DBC18871-7F8E-4DAF-931A-AB1DA89DB5A9}.Release|Any CPU.ActiveCfg = Release|Any CPU
		{DBC18871-7F8E-4DAF-931A-AB1DA89DB5A9}.Release|Any CPU.Build.0 = Release|Any CPU
		{19244EEC-760F-48C0-A6BE-56BBA632C8B2}.Debug|Any CPU.ActiveCfg = Debug|Any CPU
		{19244EEC-760F-48C0-A6BE-56BBA632C8B2}.Debug|Any CPU.Build.0 = Debug|Any CPU
		{19244EEC-760F-48C0-A6BE-56BBA632C8B2}.Release|Any CPU.ActiveCfg = Release|Any CPU
		{19244EEC-760F-48C0-A6BE-56BBA632C8B2}.Release|Any CPU.Build.0 = Release|Any CPU
		{649BF5D8-EA3C-47CE-BD3F-D85EAC0111B1}.Debug|Any CPU.ActiveCfg = Debug|Any CPU
		{649BF5D8-EA3C-47CE-BD3F-D85EAC0111B1}.Debug|Any CPU.Build.0 = Debug|Any CPU
		{649BF5D8-EA3C-47CE-BD3F-D85EAC0111B1}.Release|Any CPU.ActiveCfg = Release|Any CPU
		{649BF5D8-EA3C-47CE-BD3F-D85EAC0111B1}.Release|Any CPU.Build.0 = Release|Any CPU
		{61D94133-1DAC-48B9-84ED-39D29580FE91}.Debug|Any CPU.ActiveCfg = Debug|Any CPU
		{61D94133-1DAC-48B9-84ED-39D29580FE91}.Debug|Any CPU.Build.0 = Debug|Any CPU
		{61D94133-1DAC-48B9-84ED-39D29580FE91}.Release|Any CPU.ActiveCfg = Release|Any CPU
		{61D94133-1DAC-48B9-84ED-39D29580FE91}.Release|Any CPU.Build.0 = Release|Any CPU
		{CC2B373E-89F2-4CD7-B165-66484FD2EA98}.Debug|Any CPU.ActiveCfg = Debug|Any CPU
		{CC2B373E-89F2-4CD7-B165-66484FD2EA98}.Debug|Any CPU.Build.0 = Debug|Any CPU
		{CC2B373E-89F2-4CD7-B165-66484FD2EA98}.Release|Any CPU.ActiveCfg = Release|Any CPU
		{CC2B373E-89F2-4CD7-B165-66484FD2EA98}.Release|Any CPU.Build.0 = Release|Any CPU
		{B48E2D2A-FC70-409A-A2A3-CDFEAA620867}.Debug|Any CPU.ActiveCfg = Debug|Any CPU
		{B48E2D2A-FC70-409A-A2A3-CDFEAA620867}.Debug|Any CPU.Build.0 = Debug|Any CPU
		{B48E2D2A-FC70-409A-A2A3-CDFEAA620867}.Release|Any CPU.ActiveCfg = Release|Any CPU
		{B48E2D2A-FC70-409A-A2A3-CDFEAA620867}.Release|Any CPU.Build.0 = Release|Any CPU
		{D7C63EE7-0CDC-4BE2-B6CB-3224F51153BA}.Debug|Any CPU.ActiveCfg = Debug|Any CPU
		{D7C63EE7-0CDC-4BE2-B6CB-3224F51153BA}.Debug|Any CPU.Build.0 = Debug|Any CPU
		{D7C63EE7-0CDC-4BE2-B6CB-3224F51153BA}.Release|Any CPU.ActiveCfg = Release|Any CPU
		{D7C63EE7-0CDC-4BE2-B6CB-3224F51153BA}.Release|Any CPU.Build.0 = Release|Any CPU
		{699A5856-AABA-4A38-A04E-B5E0661E4D97}.Debug|Any CPU.ActiveCfg = Debug|Any CPU
		{699A5856-AABA-4A38-A04E-B5E0661E4D97}.Debug|Any CPU.Build.0 = Debug|Any CPU
		{699A5856-AABA-4A38-A04E-B5E0661E4D97}.Release|Any CPU.ActiveCfg = Release|Any CPU
		{699A5856-AABA-4A38-A04E-B5E0661E4D97}.Release|Any CPU.Build.0 = Release|Any CPU
		{F77043BF-3124-494A-8502-B01AE4DE19CC}.Debug|Any CPU.ActiveCfg = Debug|Any CPU
		{F77043BF-3124-494A-8502-B01AE4DE19CC}.Debug|Any CPU.Build.0 = Debug|Any CPU
		{F77043BF-3124-494A-8502-B01AE4DE19CC}.Release|Any CPU.ActiveCfg = Release|Any CPU
		{F77043BF-3124-494A-8502-B01AE4DE19CC}.Release|Any CPU.Build.0 = Release|Any CPU
		{3953D4E9-2027-4093-BB46-4AC739404040}.Debug|Any CPU.ActiveCfg = Debug|Any CPU
		{3953D4E9-2027-4093-BB46-4AC739404040}.Debug|Any CPU.Build.0 = Debug|Any CPU
		{3953D4E9-2027-4093-BB46-4AC739404040}.Release|Any CPU.ActiveCfg = Release|Any CPU
		{3953D4E9-2027-4093-BB46-4AC739404040}.Release|Any CPU.Build.0 = Release|Any CPU
		{2CF3B0ED-6BAD-45DD-B42C-12064A26364D}.Debug|Any CPU.ActiveCfg = Debug|Any CPU
		{2CF3B0ED-6BAD-45DD-B42C-12064A26364D}.Debug|Any CPU.Build.0 = Debug|Any CPU
		{2CF3B0ED-6BAD-45DD-B42C-12064A26364D}.Release|Any CPU.ActiveCfg = Release|Any CPU
		{2CF3B0ED-6BAD-45DD-B42C-12064A26364D}.Release|Any CPU.Build.0 = Release|Any CPU
		{78BA5E00-D8C3-4FF2-8767-7101ABF292EB}.Debug|Any CPU.ActiveCfg = Debug|Any CPU
		{78BA5E00-D8C3-4FF2-8767-7101ABF292EB}.Debug|Any CPU.Build.0 = Debug|Any CPU
		{78BA5E00-D8C3-4FF2-8767-7101ABF292EB}.Release|Any CPU.ActiveCfg = Release|Any CPU
		{78BA5E00-D8C3-4FF2-8767-7101ABF292EB}.Release|Any CPU.Build.0 = Release|Any CPU
		{E46670A0-92EB-445B-AF36-772871C332DE}.Debug|Any CPU.ActiveCfg = Debug|Any CPU
		{E46670A0-92EB-445B-AF36-772871C332DE}.Debug|Any CPU.Build.0 = Debug|Any CPU
		{E46670A0-92EB-445B-AF36-772871C332DE}.Release|Any CPU.ActiveCfg = Release|Any CPU
		{E46670A0-92EB-445B-AF36-772871C332DE}.Release|Any CPU.Build.0 = Release|Any CPU
	EndGlobalSection
	GlobalSection(SolutionProperties) = preSolution
		HideSolutionNode = FALSE
	EndGlobalSection
	GlobalSection(ExtensibilityGlobals) = postSolution
		SolutionGuid = {6B0C430E-21F2-4707-AC20-51676E515373}
	EndGlobalSection
EndGlobal
