
Microsoft Visual Studio Solution File, Format Version 12.00
# Visual Studio Version 16
VisualStudioVersion = 16.0.30320.27
MinimumVisualStudioVersion = 10.0.40219.1
Project("{FAE04EC0-301F-11D3-BF4B-00C04F79EFBC}") = "SelectSort", "SelectSort.csproj", "{DBC18871-7F8E-4DAF-931A-AB1DA89DB5A9}"
EndProject
Project("{FAE04EC0-301F-11D3-BF4B-00C04F79EFBC}") = "BubbleSort", "..\..\bubbleSort\BubbleSort\BubbleSort.csproj", "{19244EEC-760F-48C0-A6BE-56BBA632C8B2}"
EndProject
Project("{FAE04EC0-301F-11D3-BF4B-00C04F79EFBC}") = "CocktailSort", "..\..\cocktailSort\CocktailSort\CocktailSort.csproj", "{649BF5D8-EA3C-47CE-BD3F-D85EAC0111B1}"
EndProject
Global
	GlobalSection(SolutionConfigurationPlatforms) = preSolution
		Debug|Any CPU = Debug|Any CPU
		Release|Any CPU = Release|Any CPU
	EndGlobalSection
	GlobalSection(ProjectConfigurationPlatforms) = postSolution
		{DBC18871-7F8E-4DAF-931A-AB1DA89DB5A9}.Debug|Any CPU.ActiveCfg = Debug|Any CPU
		{DBC18871-7F8E-4DAF-931A-AB1DA89DB5A9}.Debug|Any CPU.Build.0 = Debug|Any CPU
		{DBC18871-7F8E-4DAF-931A-AB1DA89DB5A9}.Release|Any CPU.ActiveCfg = Release|Any CPU
		{DBC18871-7F8E-4DAF-931A-AB1DA89DB5A9}.Release|Any CPU.Build.0 = Release|Any CPU
		{19244EEC-760F-48C0-A6BE-56BBA632C8B2}.Debug|Any CPU.ActiveCfg = Debug|Any CPU
		{19244EEC-760F-48C0-A6BE-56BBA632C8B2}.Debug|Any CPU.Build.0 = Debug|Any CPU
		{19244EEC-760F-48C0-A6BE-56BBA632C8B2}.Release|Any CPU.ActiveCfg = Release|Any CPU
		{19244EEC-760F-48C0-A6BE-56BBA632C8B2}.Release|Any CPU.Build.0 = Release|Any CPU
		{649BF5D8-EA3C-47CE-BD3F-D85EAC0111B1}.Debug|Any CPU.ActiveCfg = Debug|Any CPU
		{649BF5D8-EA3C-47CE-BD3F-D85EAC0111B1}.Debug|Any CPU.Build.0 = Debug|Any CPU
		{649BF5D8-EA3C-47CE-BD3F-D85EAC0111B1}.Release|Any CPU.ActiveCfg = Release|Any CPU
		{649BF5D8-EA3C-47CE-BD3F-D85EAC0111B1}.Release|Any CPU.Build.0 = Release|Any CPU
	EndGlobalSection
	GlobalSection(SolutionProperties) = preSolution
		HideSolutionNode = FALSE
	EndGlobalSection
	GlobalSection(ExtensibilityGlobals) = postSolution
		SolutionGuid = {6B0C430E-21F2-4707-AC20-51676E515373}
	EndGlobalSection
EndGlobal
