
Microsoft Visual Studio Solution File, Format Version 12.00
# Visual Studio Version 16
VisualStudioVersion = 16.0.30804.86
MinimumVisualStudioVersion = 10.0.40219.1
Project("{FAE04EC0-301F-11D3-BF4B-00C04F79EFBC}") = "SQLiteExample", "SQLiteExample.csproj", "{EF720340-F8D2-4B1F-8DD0-2D2E9F06A3AF}"
EndProject
Global
	GlobalSection(SolutionConfigurationPlatforms) = preSolution
		Debug|Any CPU = Debug|Any CPU
		Release|Any CPU = Release|Any CPU
	EndGlobalSection
	GlobalSection(ProjectConfigurationPlatforms) = postSolution
		{EF720340-F8D2-4B1F-8DD0-2D2E9F06A3AF}.Debug|Any CPU.ActiveCfg = Debug|Any CPU
		{EF720340-F8D2-4B1F-8DD0-2D2E9F06A3AF}.Debug|Any CPU.Build.0 = Debug|Any CPU
		{EF720340-F8D2-4B1F-8DD0-2D2E9F06A3AF}.Release|Any CPU.ActiveCfg = Release|Any CPU
		{EF720340-F8D2-4B1F-8DD0-2D2E9F06A3AF}.Release|Any CPU.Build.0 = Release|Any CPU
	EndGlobalSection
	GlobalSection(SolutionProperties) = preSolution
		HideSolutionNode = FALSE
	EndGlobalSection
	GlobalSection(ExtensibilityGlobals) = postSolution
		SolutionGuid = {C6452FA0-889C-4B7C-8DEC-3C9ECA8698BB}
	EndGlobalSection
EndGlobal
